
Microsoft Visual Studio Solution File, Format Version 12.00
# Visual Studio Version 17
VisualStudioVersion = 17.7.34009.444
MinimumVisualStudioVersion = 10.0.40219.1
Project("{9A19103F-16F7-4668-BE54-9A1E7A4F7556}") = "DWPose", "DWPose\DWPose.csproj", "{904D45A5-9ED9-4594-8521-ADAD74450E0D}"
EndProject
Project("{9A19103F-16F7-4668-BE54-9A1E7A4F7556}") = "DWPoseTest", "DWPoseTest\DWPoseTest.csproj", "{C568876C-09ED-4CFE-B121-75497AB92ED6}"
EndProject
Global
	GlobalSection(SolutionConfigurationPlatforms) = preSolution
		Debug|Any CPU = Debug|Any CPU
		Release|Any CPU = Release|Any CPU
	EndGlobalSection
	GlobalSection(ProjectConfigurationPlatforms) = postSolution
		{904D45A5-9ED9-4594-8521-ADAD74450E0D}.Debug|Any CPU.ActiveCfg = Debug|Any CPU
		{904D45A5-9ED9-4594-8521-ADAD74450E0D}.Debug|Any CPU.Build.0 = Debug|Any CPU
		{904D45A5-9ED9-4594-8521-ADAD74450E0D}.Release|Any CPU.ActiveCfg = Release|Any CPU
		{904D45A5-9ED9-4594-8521-ADAD74450E0D}.Release|Any CPU.Build.0 = Release|Any CPU
		{C568876C-09ED-4CFE-B121-75497AB92ED6}.Debug|Any CPU.ActiveCfg = Debug|Any CPU
		{C568876C-09ED-4CFE-B121-75497AB92ED6}.Debug|Any CPU.Build.0 = Debug|Any CPU
		{C568876C-09ED-4CFE-B121-75497AB92ED6}.Release|Any CPU.ActiveCfg = Release|Any CPU
		{C568876C-09ED-4CFE-B121-75497AB92ED6}.Release|Any CPU.Build.0 = Release|Any CPU
	EndGlobalSection
	GlobalSection(SolutionProperties) = preSolution
		HideSolutionNode = FALSE
	EndGlobalSection
	GlobalSection(ExtensibilityGlobals) = postSolution
		SolutionGuid = {4F7ABBFC-B28D-4DB8-B6CD-DC0E9374CEC3}
	EndGlobalSection
EndGlobal
